PODS:
  - IGListKit (2.1.0):
    - IGListKit/Default (= 2.1.0)
  - IGListKit/Default (2.1.0):
    - IGListKit/Diffing
  - IGListKit/Diffing (2.1.0)

DEPENDENCIES:
  - IGListKit (~> 2.1.0)

SPEC CHECKSUMS:
  IGListKit: b826c68ef7a4ae1626c09d4d3e1ea7a169e6c36e

PODFILE CHECKSUM: 6f83eeb35170e88739789604e39082b3eb0263e2

COCOAPODS: 1.2.0
