// !$*UTF8*$!
{
	archiveVersion = 1;
	classes = {
	};
	objectVersion = 46;
	objects = {

/* Begin PBXBuildFile section */
		2F3FFBBF1E8179D300B898F7 /* AppDelegate.swift in Sources */ = {isa = PBXBuildFile; fileRef = 2F3FFBBE1E8179D300B898F7 /* AppDelegate.swift */; };
		2F3FFBC11E8179D300B898F7 /* FeedViewController.swift in Sources */ = {isa = PBXBuildFile; fileRef = 2F3FFBC01E8179D300B898F7 /* FeedViewController.swift */; };
		2F3FFBC61E8179D300B898F7 /* Assets.xcassets in Resources */ = {isa = PBXBuildFile; fileRef = 2F3FFBC51E8179D300B898F7 /* Assets.xcassets */; };
		2F3FFBC91E8179D300B898F7 /* LaunchScreen.storyboard in Resources */ = {isa = PBXBuildFile; fileRef = 2F3FFBC71E8179D300B898F7 /* LaunchScreen.storyboard */; };
		2F46380B1E817CA9005D211A /* FeedSeparatorController.swift in Sources */ = {isa = PBXBuildFile; fileRef = 2F46380A1E817CA9005D211A /* FeedSeparatorController.swift */; };
		2F46380D1E818076005D211A /* NSObject+IGListDiffable.swift in Sources */ = {isa = PBXBuildFile; fileRef = 2F46380C1E818076005D211A /* NSObject+IGListDiffable.swift */; };
		2F46380F1E818096005D211A /* PostSectionController.swift in Sources */ = {isa = PBXBuildFile; fileRef = 2F46380E1E818096005D211A /* PostSectionController.swift */; };
		2F4638111E818300005D211A /* PostSelfSizingCell.swift in Sources */ = {isa = PBXBuildFile; fileRef = 2F4638101E818300005D211A /* PostSelfSizingCell.swift */; };
		BE13FE62B7DBAF3E32BF2507 /* Pods_ListKitWithDecorator.framework in Frameworks */ = {isa = PBXBuildFile; fileRef = 3C98F8380E9FF4664D832548 /* Pods_ListKitWithDecorator.framework */; };
/* End PBXBuildFile section */

/* Begin PBXFileReference section */
		2F3FFBBB1E8179D300B898F7 /* ListKitWithDecorator.app */ = {isa = PBXFileReference; explicitFileType = wrapper.application; includeInIndex = 0; path = ListKitWithDecorator.app; sourceTree = BUILT_PRODUCTS_DIR; };
		2F3FFBBE1E8179D300B898F7 /* AppDelegate.swift */ = {isa = PBXFileReference; lastKnownFileType = sourcecode.swift; path = AppDelegate.swift; sourceTree = "<group>"; };
		2F3FFBC01E8179D300B898F7 /* FeedViewController.swift */ = {isa = PBXFileReference; lastKnownFileType = sourcecode.swift; path = FeedViewController.swift; sourceTree = "<group>"; };
		2F3FFBC51E8179D300B898F7 /* Assets.xcassets */ = {isa = PBXFileReference; lastKnownFileType = folder.assetcatalog; path = Assets.xcassets; sourceTree = "<group>"; };
		2F3FFBC81E8179D300B898F7 /* Base */ = {isa = PBXFileReference; lastKnownFileType = file.storyboard; name = Base; path = Base.lproj/LaunchScreen.storyboard; sourceTree = "<group>"; };
		2F3FFBCA1E8179D300B898F7 /* Info.plist */ = {isa = PBXFileReference; lastKnownFileType = text.plist.xml; path = Info.plist; sourceTree = "<group>"; };
		2F46380A1E817CA9005D211A /* FeedSeparatorController.swift */ = {isa = PBXFileReference; fileEncoding = 4; lastKnownFileType = sourcecode.swift; path = FeedSeparatorController.swift; sourceTree = "<group>"; };
		2F46380C1E818076005D211A /* NSObject+IGListDiffable.swift */ = {isa = PBXFileReference; fileEncoding = 4; lastKnownFileType = sourcecode.swift; path = "NSObject+IGListDiffable.swift"; sourceTree = "<group>"; };
		2F46380E1E818096005D211A /* PostSectionController.swift */ = {isa = PBXFileReference; fileEncoding = 4; lastKnownFileType = sourcecode.swift; path = PostSectionController.swift; sourceTree = "<group>"; };
		2F4638101E818300005D211A /* PostSelfSizingCell.swift */ = {isa = PBXFileReference; fileEncoding = 4; lastKnownFileType = sourcecode.swift; path = PostSelfSizingCell.swift; sourceTree = "<group>"; };
		3C98F8380E9FF4664D832548 /* Pods_ListKitWithDecorator.framework */ = {isa = PBXFileReference; explicitFileType = wrapper.framework; includeInIndex = 0; path = Pods_ListKitWithDecorator.framework; sourceTree = BUILT_PRODUCTS_DIR; };
		7AA51CAFA6FC974E54846539 /* Pods-ListKitWithDecorator.release.xcconfig */ = {isa = PBXFileReference; includeInIndex = 1; lastKnownFileType = text.xcconfig; name = "Pods-ListKitWithDecorator.release.xcconfig"; path = "Pods/Target Support Files/Pods-ListKitWithDecorator/Pods-ListKitWithDecorator.release.xcconfig"; sourceTree = "<group>"; };
		A6675AEA63DA127999703884 /* Pods-ListKitWithDecorator.debug.xcconfig */ = {isa = PBXFileReference; includeInIndex = 1; lastKnownFileType = text.xcconfig; name = "Pods-ListKitWithDecorator.debug.xcconfig"; path = "Pods/Target Support Files/Pods-ListKitWithDecorator/Pods-ListKitWithDecorator.debug.xcconfig"; sourceTree = "<group>"; };
/* End PBXFileReference section */

/* Begin PBXFrameworksBuildPhase section */
		2F3FFBB81E8179D300B898F7 /* Frameworks */ = {
			isa = PBXFrameworksBuildPhase;
			buildActionMask = 2147483647;
			files = (
				BE13FE62B7DBAF3E32BF2507 /* Pods_ListKitWithDecorator.framework in Frameworks */,
			);
			runOnlyForDeploymentPostprocessing = 0;
		};
/* End PBXFrameworksBuildPhase section */

/* Begin PBXGroup section */
		2F3FFBB21E8179D300B898F7 = {
			isa = PBXGroup;
			children = (
				2F3FFBBD1E8179D300B898F7 /* ListKitWithDecorator */,
				2F3FFBBC1E8179D300B898F7 /* Products */,
				5AA5D10FF62473E0FF3A79FA /* Pods */,
				B457F8B8ED0DCB1F1D5C221D /* Frameworks */,
			);
			sourceTree = "<group>";
		};
		2F3FFBBC1E8179D300B898F7 /* Products */ = {
			isa = PBXGroup;
			children = (
				2F3FFBBB1E8179D300B898F7 /* ListKitWithDecorator.app */,
			);
			name = Products;
			sourceTree = "<group>";
		};
		2F3FFBBD1E8179D300B898F7 /* ListKitWithDecorator */ = {
			isa = PBXGroup;
			children = (
				2F3FFBBE1E8179D300B898F7 /* AppDelegate.swift */,
				2F3FFBC01E8179D300B898F7 /* FeedViewController.swift */,
				2F46380E1E818096005D211A /* PostSectionController.swift */,
				2F4638101E818300005D211A /* PostSelfSizingCell.swift */,
				2F46380A1E817CA9005D211A /* FeedSeparatorController.swift */,
				2F46380C1E818076005D211A /* NSObject+IGListDiffable.swift */,
				2F3FFBC51E8179D300B898F7 /* Assets.xcassets */,
				2F3FFBC71E8179D300B898F7 /* LaunchScreen.storyboard */,
				2F3FFBCA1E8179D300B898F7 /* Info.plist */,
			);
			path = ListKitWithDecorator;
			sourceTree = "<group>";
		};
		5AA5D10FF62473E0FF3A79FA /* Pods */ = {
			isa = PBXGroup;
			children = (
				A6675AEA63DA127999703884 /* Pods-ListKitWithDecorator.debug.xcconfig */,
				7AA51CAFA6FC974E54846539 /* Pods-ListKitWithDecorator.release.xcconfig */,
			);
			name = Pods;
			sourceTree = "<group>";
		};
		B457F8B8ED0DCB1F1D5C221D /* Frameworks */ = {
			isa = PBXGroup;
			children = (
				3C98F8380E9FF4664D832548 /* Pods_ListKitWithDecorator.framework */,
			);
			name = Frameworks;
			sourceTree = "<group>";
		};
/* End PBXGroup section */

/* Begin PBXNativeTarget section */
		2F3FFBBA1E8179D300B898F7 /* ListKitWithDecorator */ = {
			isa = PBXNativeTarget;
			buildConfigurationList = 2F3FFBCD1E8179D300B898F7 /* Build configuration list for PBXNativeTarget "ListKitWithDecorator" */;
			buildPhases = (
				6453E40E5B7942E2B3522051 /* [CP] Check Pods Manifest.lock */,
				2F3FFBB71E8179D300B898F7 /* Sources */,
				2F3FFBB81E8179D300B898F7 /* Frameworks */,
				2F3FFBB91E8179D300B898F7 /* Resources */,
				5EC0D768AB27CB65BCC6B0CE /* [CP] Embed Pods Frameworks */,
				C78EC9B2CB7E2DE6B5680B39 /* [CP] Copy Pods Resources */,
			);
			buildRules = (
			);
			dependencies = (
			);
			name = ListKitWithDecorator;
			productName = ListKitWithDecorator;
			productReference = 2F3FFBBB1E8179D300B898F7 /* ListKitWithDecorator.app */;
			productType = "com.apple.product-type.application";
		};
/* End PBXNativeTarget section */

/* Begin PBXProject section */
		2F3FFBB31E8179D300B898F7 /* Project object */ = {
			isa = PBXProject;
			attributes = {
				LastSwiftUpdateCheck = 0820;
				LastUpgradeCheck = 0820;
				ORGANIZATIONNAME = "Pierre Espenan";
				TargetAttributes = {
					2F3FFBBA1E8179D300B898F7 = {
						CreatedOnToolsVersion = 8.2.1;
						DevelopmentTeam = ML82P2MZAT;
						ProvisioningStyle = Automatic;
					};
				};
			};
			buildConfigurationList = 2F3FFBB61E8179D300B898F7 /* Build configuration list for PBXProject "ListKitWithDecorator" */;
			compatibilityVersion = "Xcode 3.2";
			developmentRegion = English;
			hasScannedForEncodings = 0;
			knownRegions = (
				en,
				Base,
			);
			mainGroup = 2F3FFBB21E8179D300B898F7;
			productRefGroup = 2F3FFBBC1E8179D300B898F7 /* Products */;
			projectDirPath = "";
			projectRoot = "";
			targets = (
				2F3FFBBA1E8179D300B898F7 /* ListKitWithDecorator */,
			);
		};
/* End PBXProject section */

/* Begin PBXResourcesBuildPhase section */
		2F3FFBB91E8179D300B898F7 /* Resources */ = {
			isa = PBXResourcesBuildPhase;
			buildActionMask = 2147483647;
			files = (
				2F3FFBC91E8179D300B898F7 /* LaunchScreen.storyboard in Resources */,
				2F3FFBC61E8179D300B898F7 /* Assets.xcassets in Resources */,
			);
			runOnlyForDeploymentPostprocessing = 0;
		};
/* End PBXResourcesBuildPhase section */

/* Begin PBXShellScriptBuildPhase section */
		5EC0D768AB27CB65BCC6B0CE /* [CP] Embed Pods Frameworks */ = {
			isa = PBXShellScriptBuildPhase;
			buildActionMask = 2147483647;
			files = (
			);
			inputPaths = (
			);
			name = "[CP] Embed Pods Frameworks";
			outputPaths = (
			);
			runOnlyForDeploymentPostprocessing = 0;
			shellPath = /bin/sh;
			shellScript = "\"${SRCROOT}/Pods/Target Support Files/Pods-ListKitWithDecorator/Pods-ListKitWithDecorator-frameworks.sh\"\n";
			showEnvVarsInLog = 0;
		};
		6453E40E5B7942E2B3522051 /* [CP] Check Pods Manifest.lock */ = {
			isa = PBXShellScriptBuildPhase;
			buildActionMask = 2147483647;
			files = (
			);
			inputPaths = (
			);
			name = "[CP] Check Pods Manifest.lock";
			outputPaths = (
			);
			runOnlyForDeploymentPostprocessing = 0;
			shellPath = /bin/sh;
			shellScript = "diff \"${PODS_ROOT}/../Podfile.lock\" \"${PODS_ROOT}/Manifest.lock\" > /dev/null\nif [ $? != 0 ] ; then\n    # print error to STDERR\n    echo \"error: The sandbox is not in sync with the Podfile.lock. Run 'pod install' or update your CocoaPods installation.\" >&2\n    exit 1\nfi\n";
			showEnvVarsInLog = 0;
		};
		C78EC9B2CB7E2DE6B5680B39 /* [CP] Copy Pods Resources */ = {
			isa = PBXShellScriptBuildPhase;
			buildActionMask = 2147483647;
			files = (
			);
			inputPaths = (
			);
			name = "[CP] Copy Pods Resources";
			outputPaths = (
			);
			runOnlyForDeploymentPostprocessing = 0;
			shellPath = /bin/sh;
			shellScript = "\"${SRCROOT}/Pods/Target Support Files/Pods-ListKitWithDecorator/Pods-ListKitWithDecorator-resources.sh\"\n";
			showEnvVarsInLog = 0;
		};
/* End PBXShellScriptBuildPhase section */

/* Begin PBXSourcesBuildPhase section */
		2F3FFBB71E8179D300B898F7 /* Sources */ = {
			isa = PBXSourcesBuildPhase;
			buildActionMask = 2147483647;
			files = (
				2F46380D1E818076005D211A /* NSObject+IGListDiffable.swift in Sources */,
				2F4638111E818300005D211A /* PostSelfSizingCell.swift in Sources */,
				2F3FFBC11E8179D300B898F7 /* FeedViewController.swift in Sources */,
				2F3FFBBF1E8179D300B898F7 /* AppDelegate.swift in Sources */,
				2F46380B1E817CA9005D211A /* FeedSeparatorController.swift in Sources */,
				2F46380F1E818096005D211A /* PostSectionController.swift in Sources */,
			);
			runOnlyForDeploymentPostprocessing = 0;
		};
/* End PBXSourcesBuildPhase section */

/* Begin PBXVariantGroup section */
		2F3FFBC71E8179D300B898F7 /* LaunchScreen.storyboard */ = {
			isa = PBXVariantGroup;
			children = (
				2F3FFBC81E8179D300B898F7 /* Base */,
			);
			name = LaunchScreen.storyboard;
			sourceTree = "<group>";
		};
/* End PBXVariantGroup section */

/* Begin XCBuildConfiguration section */
		2F3FFBCB1E8179D300B898F7 /* Debug */ = {
			isa = XCBuildConfiguration;
			buildSettings = {
				ALWAYS_SEARCH_USER_PATHS = NO;
				CLANG_ANALYZER_NONNULL = YES;
				CLANG_CXX_LANGUAGE_STANDARD = "gnu++0x";
				CLANG_CXX_LIBRARY = "libc++";
				CLANG_ENABLE_MODULES = YES;
				CLANG_ENABLE_OBJC_ARC = YES;
				CLANG_WARN_BOOL_CONVERSION = YES;
				CLANG_WARN_CONSTANT_CONVERSION = YES;
				CLANG_WARN_DIRECT_OBJC_ISA_USAGE = YES_ERROR;
				CLANG_WARN_DOCUMENTATION_COMMENTS = YES;
				CLANG_WARN_EMPTY_BODY = YES;
				CLANG_WARN_ENUM_CONVERSION = YES;
				CLANG_WARN_INFINITE_RECURSION = YES;
				CLANG_WARN_INT_CONVERSION = YES;
				CLANG_WARN_OBJC_ROOT_CLASS = YES_ERROR;
				CLANG_WARN_SUSPICIOUS_MOVE = YES;
				CLANG_WARN_UNREACHABLE_CODE = YES;
				CLANG_WARN__DUPLICATE_METHOD_MATCH = YES;
				"CODE_SIGN_IDENTITY[sdk=iphoneos*]" = "iPhone Developer";
				COPY_PHASE_STRIP = NO;
				DEBUG_INFORMATION_FORMAT = dwarf;
				ENABLE_STRICT_OBJC_MSGSEND = YES;
				ENABLE_TESTABILITY = YES;
				GCC_C_LANGUAGE_STANDARD = gnu99;
				GCC_DYNAMIC_NO_PIC = NO;
				GCC_NO_COMMON_BLOCKS = YES;
				GCC_OPTIMIZATION_LEVEL = 0;
				GCC_PREPROCESSOR_DEFINITIONS = (
					"DEBUG=1",
					"$(inherited)",
				);
				GCC_WARN_64_TO_32_BIT_CONVERSION = YES;
				GCC_WARN_ABOUT_RETURN_TYPE = YES_ERROR;
				GCC_WARN_UNDECLARED_SELECTOR = YES;
				GCC_WARN_UNINITIALIZED_AUTOS = YES_AGGRESSIVE;
				GCC_WARN_UNUSED_FUNCTION = YES;
				GCC_WARN_UNUSED_VARIABLE = YES;
				IPHONEOS_DEPLOYMENT_TARGET = 10.2;
				MTL_ENABLE_DEBUG_INFO = YES;
				ONLY_ACTIVE_ARCH = YES;
				SDKROOT = iphoneos;
				SWIFT_ACTIVE_COMPILATION_CONDITIONS = DEBUG;
				SWIFT_OPTIMIZATION_LEVEL = "-Onone";
			};
			name = Debug;
		};
		2F3FFBCC1E8179D300B898F7 /* Release */ = {
			isa = XCBuildConfiguration;
			buildSettings = {
				ALWAYS_SEARCH_USER_PATHS = NO;
				CLANG_ANALYZER_NONNULL = YES;
				CLANG_CXX_LANGUAGE_STANDARD = "gnu++0x";
				CLANG_CXX_LIBRARY = "libc++";
				CLANG_ENABLE_MODULES = YES;
				CLANG_ENABLE_OBJC_ARC = YES;
				CLANG_WARN_BOOL_CONVERSION = YES;
				CLANG_WARN_CONSTANT_CONVERSION = YES;
				CLANG_WARN_DIRECT_OBJC_ISA_USAGE = YES_ERROR;
				CLANG_WARN_DOCUMENTATION_COMMENTS = YES;
				CLANG_WARN_EMPTY_BODY = YES;
				CLANG_WARN_ENUM_CONVERSION = YES;
				CLANG_WARN_INFINITE_RECURSION = YES;
				CLANG_WARN_INT_CONVERSION = YES;
				CLANG_WARN_OBJC_ROOT_CLASS = YES_ERROR;
				CLANG_WARN_SUSPICIOUS_MOVE = YES;
				CLANG_WARN_UNREACHABLE_CODE = YES;
				CLANG_WARN__DUPLICATE_METHOD_MATCH = YES;
				"CODE_SIGN_IDENTITY[sdk=iphoneos*]" = "iPhone Developer";
				COPY_PHASE_STRIP = NO;
				DEBUG_INFORMATION_FORMAT = "dwarf-with-dsym";
				ENABLE_NS_ASSERTIONS = NO;
				ENABLE_STRICT_OBJC_MSGSEND = YES;
				GCC_C_LANGUAGE_STANDARD = gnu99;
				GCC_NO_COMMON_BLOCKS = YES;
				GCC_WARN_64_TO_32_BIT_CONVERSION = YES;
				GCC_WARN_ABOUT_RETURN_TYPE = YES_ERROR;
				GCC_WARN_UNDECLARED_SELECTOR = YES;
				GCC_WARN_UNINITIALIZED_AUTOS = YES_AGGRESSIVE;
				GCC_WARN_UNUSED_FUNCTION = YES;
				GCC_WARN_UNUSED_VARIABLE = YES;
				IPHONEOS_DEPLOYMENT_TARGET = 10.2;
				MTL_ENABLE_DEBUG_INFO = NO;
				SDKROOT = iphoneos;
				SWIFT_OPTIMIZATION_LEVEL = "-Owholemodule";
				VALIDATE_PRODUCT = YES;
			};
			name = Release;
		};
		2F3FFBCE1E8179D300B898F7 /* Debug */ = {
			isa = XCBuildConfiguration;
			baseConfigurationReference = A6675AEA63DA127999703884 /* Pods-ListKitWithDecorator.debug.xcconfig */;
			buildSettings = {
				ASSETCATALOG_COMPILER_APPICON_NAME = AppIcon;
				DEVELOPMENT_TEAM = ML82P2MZAT;
				INFOPLIST_FILE = ListKitWithDecorator/Info.plist;
				LD_RUNPATH_SEARCH_PATHS = "$(inherited) @executable_path/Frameworks";
				PRODUCT_BUNDLE_IDENTIFIER = com.pierreespenan.ListKitWithDecorator;
				PRODUCT_NAME = "$(TARGET_NAME)";
				SWIFT_VERSION = 3.0;
			};
			name = Debug;
		};
		2F3FFBCF1E8179D300B898F7 /* Release */ = {
			isa = XCBuildConfiguration;
			baseConfigurationReference = 7AA51CAFA6FC974E54846539 /* Pods-ListKitWithDecorator.release.xcconfig */;
			buildSettings = {
				ASSETCATALOG_COMPILER_APPICON_NAME = AppIcon;
				DEVELOPMENT_TEAM = ML82P2MZAT;
				INFOPLIST_FILE = ListKitWithDecorator/Info.plist;
				LD_RUNPATH_SEARCH_PATHS = "$(inherited) @executable_path/Frameworks";
				PRODUCT_BUNDLE_IDENTIFIER = com.pierreespenan.ListKitWithDecorator;
				PRODUCT_NAME = "$(TARGET_NAME)";
				SWIFT_VERSION = 3.0;
			};
			name = Release;
		};
/* End XCBuildConfiguration section */

/* Begin XCConfigurationList section */
		2F3FFBB61E8179D300B898F7 /* Build configuration list for PBXProject "ListKitWithDecorator" */ = {
			isa = XCConfigurationList;
			buildConfigurations = (
				2F3FFBCB1E8179D300B898F7 /* Debug */,
				2F3FFBCC1E8179D300B898F7 /* Release */,
			);
			defaultConfigurationIsVisible = 0;
			defaultConfigurationName = Release;
		};
		2F3FFBCD1E8179D300B898F7 /* Build configuration list for PBXNativeTarget "ListKitWithDecorator" */ = {
			isa = XCConfigurationList;
			buildConfigurations = (
				2F3FFBCE1E8179D300B898F7 /* Debug */,
				2F3FFBCF1E8179D300B898F7 /* Release */,
			);
			defaultConfigurationIsVisible = 0;
			defaultConfigurationName = Release;
		};
/* End XCConfigurationList section */
	};
	rootObject = 2F3FFBB31E8179D300B898F7 /* Project object */;
}
